{
  "name": "fitmi-backend",
  "version": "1.0.0",
  "lockfileVersion": 3,
  "requires": true,
  "packages": {
    "": {
      "name": "fitmi-backend",
      "version": "1.0.0",
      "license": "MIT",
      "dependencies": {
        "express": "^4.18.2",
        "cors": "^2.8.5",
        "dotenv": "^16.3.1",
        "pg": "^8.11.2",
        "multer": "^1.4.5-lts.1",
        "sharp": "^0.33.0",
        "tesseract.js": "^5.0.4",
        "bcryptjs": "^2.4.3",
        "jsonwebtoken": "^9.1.2",
        "express-validator": "^7.0.0"
      },
      "devDependencies": {
        "nodemon": "^3.0.1"
      }
    },
    "node_modules/express": {
      "version": "4.18.2",
      "resolved": "https://registry.npmjs.org/express/-/express-4.18.2.tgz",
      "integrity": "sha512-5/PsL6iGPdfQ/lKM1UuYUU0dtnPTrpuO0+2qJQBFriwN7BRIuSmB0CjrArusWgdcMRqmzVmRbKe2j9UZ2qVRw==",
      "dependencies": {
        "accepts": "~1.3.8",
        "body-parser": "1.20.1",
        "content-disposition": "0.5.4",
        "content-type": "~1.0.4",
        "cookie": "0.5.0",
        "cookie-signature": "1.0.6",
        "debug": "2.6.9",
        "depd": "2.0.0",
        "escape-html": "~1.0.3",
        "etag": "~1.8.1",
        "finalhandler": "1.2.0",
        "fresh": "0.5.2",
        "merge-descriptors": "1.0.1",
        "methods": "~1.1.2",
        "on-finished": "2.4.1",
        "parseurl": "~1.3.3",
        "path-to-regexp": "0.1.7",
        "proxy-addr": "~2.0.7",
        "qs": "6.11.0",
        "range-parser": "~1.2.1",
        "safe-buffer": "5.2.1",
        "send": "0.18.0",
        "serve-static": "1.15.0",
        "setprototypeof": "1.2.0",
        "statuses": "2.0.1",
        "type-is": "~1.6.18",
        "utils-merge": "1.0.1",
        "vary": "~1.1.2"
      },
      "engines": {
        "node": ">= 0.10.0"
      }
    },
    "node_modules/cors": {
      "version": "2.8.5",
      "resolved": "https://registry.npmjs.org/cors/-/cors-2.8.5.tgz",
      "integrity": "sha512-KIHbLJqu73RGr/hnbrO9+O6goZktYKK1aQ7j2SN95+8uZCUVPZkskJ8DM+DkN4QjOs9D8d8pFSZ4fuzS7D6zQ==",
      "dependencies": {
        "object-assign": "^4",
        "vary": "^1"
      },
      "engines": {
        "node": ">= 0.10"
      }
    },
    "node_modules/dotenv": {
      "version": "16.3.1",
      "resolved": "https://registry.npmjs.org/dotenv/-/dotenv-16.3.1.tgz",
      "integrity": "sha512-IPzF4w4/Rd94bA9imS68tZBaYyBWSCE47V1TKeJGcANphe/8X6u46d5hO0J3CTM6g0w0pwFf8LqVe8V8Z1WRw==",
      "engines": {
        "node": ">=12"
      }
    },
    "node_modules/pg": {
      "version": "8.11.2",
      "resolved": "https://registry.npmjs.org/pg/-/pg-8.11.2.tgz",
      "integrity": "sha512-IH9z4v5PicJbKxFkd7Z7jCJ3xB5PZ0bpWwE+4aLv1bGvXFHD9Ri9TFRQzrO9nFRX9T5V9EQjmEu7Gm9BtJKmA==",
      "dependencies": {
        "buffer-writer": "2.0.0",
        "packet-reader": "1.0.0",
        "pg-connection-string": "^2.6.2",
        "pg-pool": "^3.6.1",
        "pg-protocol": "^1.6.0",
        "pg-types": "^2.2.0",
        "pgpass": "1.0.5"
      },
      "engines": {
        "node": ">= 8.0.0"
      }
    },
    "node_modules/multer": {
      "version": "1.4.5-lts.1",
      "resolved": "https://registry.npmjs.org/multer/-/multer-1.4.5-lts.1.tgz",
      "integrity": "sha512-ywPWvcDMeH+z9gQq5qYHO5M+yCpI8PwQRcFH7F/NdL+7Y4gwUMmUnsy+UWjIO2xUCMMnLPkGGGTojFlml8q+w==",
      "dependencies": {
        "append-field": "^1.0.0",
        "busboy": "^1.0.0",
        "concat-stream": "^1.5.2",
        "mkdirp": "^0.5.1",
        "object-assign": "^4.1.1",
        "on-finished": "^2.3.0",
        "type-is": "^1.6.4",
        "uuid": "^3.3.2"
      },
      "engines": {
        "node": ">= 0.10.0"
      }
    },
    "node_modules/sharp": {
      "version": "0.33.0",
      "resolved": "https://registry.npmjs.org/sharp/-/sharp-0.33.0.tgz",
      "integrity": "sha512-FYbgqXAWg78F+8Sn3qM1YYOZXMvI5LF8dqNwR8nBm9h6zXqrwgqcAx1YGhvkMsO7pP4MjqgzT96rGdwGkMxjA==",
      "hasInstallScript": true,
      "dependencies": {
        "color": "^4.2.3",
        "detect-libc": "^2.0.2",
        "semver": "^7.5.4"
      },
      "engines": {
        "libvips": ">=8.12.1",
        "node": "^14.15.0 || ^16.13.0 || >=18.0.0"
      }
    },
    "node_modules/tesseract.js": {
      "version": "5.0.4",
      "resolved": "https://registry.npmjs.org/tesseract.js/-/tesseract.js-5.0.4.tgz",
      "integrity": "sha512-P/1a7kKfTTbhkQZPrAZQGDBL3+nR0f8FnjzgrKz6+Oq7fRLJYE1N6IcMl6c6wbKpXJGZdcZBb3P1EqaEMdQ+w=="
    },
    "node_modules/bcryptjs": {
      "version": "2.4.3",
      "resolved": "https://registry.npmjs.org/bcryptjs/-/bcryptjs-2.4.3.tgz",
      "integrity": "sha512-V/Hy/X9Vt7aaoRrqLSMPMiiVZ7+0a4+mUfCfsTvCk0JTsrWhIYH86FM+uidHP9F7u5Qy100zjCccbtMvfEJOA=="
    },
    "node_modules/jsonwebtoken": {
      "version": "9.1.2",
      "resolved": "https://registry.npmjs.org/jsonwebtoken/-/jsonwebtoken-9.1.2.tgz",
      "integrity": "sha512-OpdenrsSS/+fVT4vtcnJ/32R1e9MzBWc9dNZ4v3OPOwg+hsaka2nP8u8NvWjlqg+2nTy9vBwFg2W8+/WZiZiQ==",
      "dependencies": {
        "jws": "^3.2.2",
        "lodash.includes": "^4.3.0",
        "lodash.isboolean": "^3.0.3",
        "lodash.isinteger": "^4.0.4",
        "lodash.isnumber": "^3.0.3",
        "lodash.isplainobject": "^4.0.6",
        "lodash.isstring": "^4.0.1",
        "lodash.once": "^4.1.1",
        "ms": "^2.1.1",
        "semver": "^7.5.4"
      },
      "engines": {
        "node": ">=12",
        "npm": ">=6"
      }
    },
    "node_modules/express-validator": {
      "version": "7.0.0",
      "resolved": "https://registry.npmjs.org/express-validator/-/express-validator-7.0.0.tgz",
      "integrity": "sha512-yc2zf1Z/UNVjUXgBt4YjWJ3CpZ9NbnqCVw3vTVj6VhHl/w2kCDV8O3SxJYV6L5ks/c7VLVv6f8TLgLI4AY3Ug==",
      "dependencies": {
        "lodash": "^4.17.21",
        "validator": "^13.9.0"
      },
      "engines": {
        "node": ">=12.0.0"
      }
    },
    "node_modules/nodemon": {
      "version": "3.0.1",
      "resolved": "https://registry.npmjs.org/nodemon/-/nodemon-3.0.1.tgz",
      "integrity": "sha512-g9AZ7HmkhQkqXkRc20w+ZgyQJCFLb3rdSSUHrseB8zNOLw48IV5md8UlzkwfiAPgH8LnSVInoLcvqCJN8F8Aw=="
    }
  }
}
